// !$*UTF8*$!
{
	archiveVersion = 1;
	classes = {
	};
	objectVersion = 56;
	objects = {

/* Begin PBXBuildFile section */
		C0CB2A8E2C36C03500CD6A5C /* Weather_AppApp.swift in Sources */ = {isa = PBXBuildFile; fileRef = C0CB2A8D2C36C03500CD6A5C /* Weather_AppApp.swift */; };
		C0CB2A902C36C03500CD6A5C /* HomeView.swift in Sources */ = {isa = PBXBuildFile; fileRef = C0CB2A8F2C36C03500CD6A5C /* HomeView.swift */; };
		C0CB2A922C36C03600CD6A5C /* Assets.xcassets in Resources */ = {isa = PBXBuildFile; fileRef = C0CB2A912C36C03600CD6A5C /* Assets.xcassets */; };
		C0CB2A952C36C03600CD6A5C /* Preview Assets.xcassets in Resources */ = {isa = PBXBuildFile; fileRef = C0CB2A942C36C03600CD6A5C /* Preview Assets.xcassets */; };
		C0CB2AA22C36C0BF00CD6A5C /* WeatherViewModel.swift in Sources */ = {isa = PBXBuildFile; fileRef = C0CB2AA12C36C0BF00CD6A5C /* WeatherViewModel.swift */; };
		C0CB2AA42C36C0C900CD6A5C /* NetworkManager.swift in Sources */ = {isa = PBXBuildFile; fileRef = C0CB2AA32C36C0C900CD6A5C /* NetworkManager.swift */; };
		C0CB2AA62C36C0D300CD6A5C /* NetworkError.swift in Sources */ = {isa = PBXBuildFile; fileRef = C0CB2AA52C36C0D300CD6A5C /* NetworkError.swift */; };
		C0CB2AA82C36C0E700CD6A5C /* DoubleExtension.swift in Sources */ = {isa = PBXBuildFile; fileRef = C0CB2AA72C36C0E700CD6A5C /* DoubleExtension.swift */; };
		C0CB2AAA2C36C0F000CD6A5C /* IntExtension.swift in Sources */ = {isa = PBXBuildFile; fileRef = C0CB2AA92C36C0F000CD6A5C /* IntExtension.swift */; };
		C0CB2AAC2C36C10200CD6A5C /* APIConstants.swift in Sources */ = {isa = PBXBuildFile; fileRef = C0CB2AAB2C36C10200CD6A5C /* APIConstants.swift */; };
		C0CB2AAF2C36C14900CD6A5C /* Weather.swift in Sources */ = {isa = PBXBuildFile; fileRef = C0CB2AAE2C36C14900CD6A5C /* Weather.swift */; };
		C0CB2AB22C36C18900CD6A5C /* Alamofire in Frameworks */ = {isa = PBXBuildFile; productRef = C0CB2AB12C36C18900CD6A5C /* Alamofire */; };
/* End PBXBuildFile section */

/* Begin PBXFileReference section */
		C0CB2A8A2C36C03500CD6A5C /* Weather App.app */ = {isa = PBXFileReference; explicitFileType = wrapper.application; includeInIndex = 0; path = "Weather App.app"; sourceTree = BUILT_PRODUCTS_DIR; };
		C0CB2A8D2C36C03500CD6A5C /* Weather_AppApp.swift */ = {isa = PBXFileReference; lastKnownFileType = sourcecode.swift; path = Weather_AppApp.swift; sourceTree = "<group>"; };
		C0CB2A8F2C36C03500CD6A5C /* HomeView.swift */ = {isa = PBXFileReference; lastKnownFileType = sourcecode.swift; path = HomeView.swift; sourceTree = "<group>"; };
		C0CB2A912C36C03600CD6A5C /* Assets.xcassets */ = {isa = PBXFileReference; lastKnownFileType = folder.assetcatalog; path = Assets.xcassets; sourceTree = "<group>"; };
		C0CB2A942C36C03600CD6A5C /* Preview Assets.xcassets */ = {isa = PBXFileReference; lastKnownFileType = folder.assetcatalog; path = "Preview Assets.xcassets"; sourceTree = "<group>"; };
		C0CB2AA12C36C0BF00CD6A5C /* WeatherViewModel.swift */ = {isa = PBXFileReference; lastKnownFileType = sourcecode.swift; path = WeatherViewModel.swift; sourceTree = "<group>"; };
		C0CB2AA32C36C0C900CD6A5C /* NetworkManager.swift */ = {isa = PBXFileReference; lastKnownFileType = sourcecode.swift; path = NetworkManager.swift; sourceTree = "<group>"; };
		C0CB2AA52C36C0D300CD6A5C /* NetworkError.swift */ = {isa = PBXFileReference; lastKnownFileType = sourcecode.swift; path = NetworkError.swift; sourceTree = "<group>"; };
		C0CB2AA72C36C0E700CD6A5C /* DoubleExtension.swift */ = {isa = PBXFileReference; lastKnownFileType = sourcecode.swift; path = DoubleExtension.swift; sourceTree = "<group>"; };
		C0CB2AA92C36C0F000CD6A5C /* IntExtension.swift */ = {isa = PBXFileReference; lastKnownFileType = sourcecode.swift; path = IntExtension.swift; sourceTree = "<group>"; };
		C0CB2AAB2C36C10200CD6A5C /* APIConstants.swift */ = {isa = PBXFileReference; lastKnownFileType = sourcecode.swift; path = APIConstants.swift; sourceTree = "<group>"; };
		C0CB2AAE2C36C14900CD6A5C /* Weather.swift */ = {isa = PBXFileReference; lastKnownFileType = sourcecode.swift; path = Weather.swift; sourceTree = "<group>"; };
/* End PBXFileReference section */

/* Begin PBXFrameworksBuildPhase section */
		C0CB2A872C36C03500CD6A5C /* Frameworks */ = {
			isa = PBXFrameworksBuildPhase;
			buildActionMask = 2147483647;
			files = (
				C0CB2AB22C36C18900CD6A5C /* Alamofire in Frameworks */,
			);
			runOnlyForDeploymentPostprocessing = 0;
		};
/* End PBXFrameworksBuildPhase section */

/* Begin PBXGroup section */
		C0CB2A812C36C03500CD6A5C = {
			isa = PBXGroup;
			children = (
				C0CB2A8C2C36C03500CD6A5C /* Weather App */,
				C0CB2A8B2C36C03500CD6A5C /* Products */,
			);
			sourceTree = "<group>";
		};
		C0CB2A8B2C36C03500CD6A5C /* Products */ = {
			isa = PBXGroup;
			children = (
				C0CB2A8A2C36C03500CD6A5C /* Weather App.app */,
			);
			name = Products;
			sourceTree = "<group>";
		};
		C0CB2A8C2C36C03500CD6A5C /* Weather App */ = {
			isa = PBXGroup;
			children = (
				C0CB2AAD2C36C13000CD6A5C /* Models */,
				C0CB2AA02C36C0A900CD6A5C /* Views */,
				C0CB2A9F2C36C0A200CD6A5C /* Enums */,
				C0CB2A9E2C36C09800CD6A5C /* Extensions */,
				C0CB2A9D2C36C09300CD6A5C /* Service */,
				C0CB2A9C2C36C08C00CD6A5C /* Manager */,
				C0CB2A9B2C36C08500CD6A5C /* ViewModel */,
				C0CB2A8D2C36C03500CD6A5C /* Weather_AppApp.swift */,
				C0CB2A912C36C03600CD6A5C /* Assets.xcassets */,
				C0CB2A932C36C03600CD6A5C /* Preview Content */,
			);
			path = "Weather App";
			sourceTree = "<group>";
		};
		C0CB2A932C36C03600CD6A5C /* Preview Content */ = {
			isa = PBXGroup;
			children = (
				C0CB2A942C36C03600CD6A5C /* Preview Assets.xcassets */,
			);
			path = "Preview Content";
			sourceTree = "<group>";
		};
		C0CB2A9B2C36C08500CD6A5C /* ViewModel */ = {
			isa = PBXGroup;
			children = (
				C0CB2AA12C36C0BF00CD6A5C /* WeatherViewModel.swift */,
			);
			path = ViewModel;
			sourceTree = "<group>";
		};
		C0CB2A9C2C36C08C00CD6A5C /* Manager */ = {
			isa = PBXGroup;
			children = (
				C0CB2AA32C36C0C900CD6A5C /* NetworkManager.swift */,
			);
			path = Manager;
			sourceTree = "<group>";
		};
		C0CB2A9D2C36C09300CD6A5C /* Service */ = {
			isa = PBXGroup;
			children = (
				C0CB2AAB2C36C10200CD6A5C /* APIConstants.swift */,
			);
			path = Service;
			sourceTree = "<group>";
		};
		C0CB2A9E2C36C09800CD6A5C /* Extensions */ = {
			isa = PBXGroup;
			children = (
				C0CB2AA72C36C0E700CD6A5C /* DoubleExtension.swift */,
				C0CB2AA92C36C0F000CD6A5C /* IntExtension.swift */,
			);
			path = Extensions;
			sourceTree = "<group>";
		};
		C0CB2A9F2C36C0A200CD6A5C /* Enums */ = {
			isa = PBXGroup;
			children = (
				C0CB2AA52C36C0D300CD6A5C /* NetworkError.swift */,
			);
			path = Enums;
			sourceTree = "<group>";
		};
		C0CB2AA02C36C0A900CD6A5C /* Views */ = {
			isa = PBXGroup;
			children = (
				C0CB2A8F2C36C03500CD6A5C /* HomeView.swift */,
			);
			path = Views;
			sourceTree = "<group>";
		};
		C0CB2AAD2C36C13000CD6A5C /* Models */ = {
			isa = PBXGroup;
			children = (
				C0CB2AAE2C36C14900CD6A5C /* Weather.swift */,
			);
			path = Models;
			sourceTree = "<group>";
		};
/* End PBXGroup section */

/* Begin PBXNativeTarget section */
		C0CB2A892C36C03500CD6A5C /* Weather App */ = {
			isa = PBXNativeTarget;
			buildConfigurationList = C0CB2A982C36C03600CD6A5C /* Build configuration list for PBXNativeTarget "Weather App" */;
			buildPhases = (
				C0CB2A862C36C03500CD6A5C /* Sources */,
				C0CB2A872C36C03500CD6A5C /* Frameworks */,
				C0CB2A882C36C03500CD6A5C /* Resources */,
			);
			buildRules = (
			);
			dependencies = (
			);
			name = "Weather App";
			packageProductDependencies = (
				C0CB2AB12C36C18900CD6A5C /* Alamofire */,
			);
			productName = "Weather App";
			productReference = C0CB2A8A2C36C03500CD6A5C /* Weather App.app */;
			productType = "com.apple.product-type.application";
		};
/* End PBXNativeTarget section */

/* Begin PBXProject section */
		C0CB2A822C36C03500CD6A5C /* Project object */ = {
			isa = PBXProject;
			attributes = {
				BuildIndependentTargetsInParallel = 1;
				LastSwiftUpdateCheck = 1540;
				LastUpgradeCheck = 1540;
				TargetAttributes = {
					C0CB2A892C36C03500CD6A5C = {
						CreatedOnToolsVersion = 15.4;
					};
				};
			};
			buildConfigurationList = C0CB2A852C36C03500CD6A5C /* Build configuration list for PBXProject "Weather App" */;
			compatibilityVersion = "Xcode 14.0";
			developmentRegion = en;
			hasScannedForEncodings = 0;
			knownRegions = (
				en,
				Base,
			);
			mainGroup = C0CB2A812C36C03500CD6A5C;
			packageReferences = (
				C0CB2AB02C36C18900CD6A5C /* XCRemoteSwiftPackageReference "Alamofire" */,
			);
			productRefGroup = C0CB2A8B2C36C03500CD6A5C /* Products */;
			projectDirPath = "";
			projectRoot = "";
			targets = (
				C0CB2A892C36C03500CD6A5C /* Weather App */,
			);
		};
/* End PBXProject section */

/* Begin PBXResourcesBuildPhase section */
		C0CB2A882C36C03500CD6A5C /* Resources */ = {
			isa = PBXResourcesBuildPhase;
			buildActionMask = 2147483647;
			files = (
				C0CB2A952C36C03600CD6A5C /* Preview Assets.xcassets in Resources */,
				C0CB2A922C36C03600CD6A5C /* Assets.xcassets in Resources */,
			);
			runOnlyForDeploymentPostprocessing = 0;
		};
/* End PBXResourcesBuildPhase section */

/* Begin PBXSourcesBuildPhase section */
		C0CB2A862C36C03500CD6A5C /* Sources */ = {
			isa = PBXSourcesBuildPhase;
			buildActionMask = 2147483647;
			files = (
				C0CB2AA82C36C0E700CD6A5C /* DoubleExtension.swift in Sources */,
				C0CB2AA42C36C0C900CD6A5C /* NetworkManager.swift in Sources */,
				C0CB2AAA2C36C0F000CD6A5C /* IntExtension.swift in Sources */,
				C0CB2A902C36C03500CD6A5C /* HomeView.swift in Sources */,
				C0CB2AAF2C36C14900CD6A5C /* Weather.swift in Sources */,
				C0CB2AAC2C36C10200CD6A5C /* APIConstants.swift in Sources */,
				C0CB2AA22C36C0BF00CD6A5C /* WeatherViewModel.swift in Sources */,
				C0CB2A8E2C36C03500CD6A5C /* Weather_AppApp.swift in Sources */,
				C0CB2AA62C36C0D300CD6A5C /* NetworkError.swift in Sources */,
			);
			runOnlyForDeploymentPostprocessing = 0;
		};
/* End PBXSourcesBuildPhase section */

/* Begin XCBuildConfiguration section */
		C0CB2A962C36C03600CD6A5C /* Debug */ = {
			isa = XCBuildConfiguration;
			buildSettings = {
				ALWAYS_SEARCH_USER_PATHS = NO;
				ASSETCATALOG_COMPILER_GENERATE_SWIFT_ASSET_SYMBOL_EXTENSIONS = YES;
				CLANG_ANALYZER_NONNULL = YES;
				CLANG_ANALYZER_NUMBER_OBJECT_CONVERSION = YES_AGGRESSIVE;
				CLANG_CXX_LANGUAGE_STANDARD = "gnu++20";
				CLANG_ENABLE_MODULES = YES;
				CLANG_ENABLE_OBJC_ARC = YES;
				CLANG_ENABLE_OBJC_WEAK = YES;
				CLANG_WARN_BLOCK_CAPTURE_AUTORELEASING = YES;
				CLANG_WARN_BOOL_CONVERSION = YES;
				CLANG_WARN_COMMA = YES;
				CLANG_WARN_CONSTANT_CONVERSION = YES;
				CLANG_WARN_DEPRECATED_OBJC_IMPLEMENTATIONS = YES;
				CLANG_WARN_DIRECT_OBJC_ISA_USAGE = YES_ERROR;
				CLANG_WARN_DOCUMENTATION_COMMENTS = YES;
				CLANG_WARN_EMPTY_BODY = YES;
				CLANG_WARN_ENUM_CONVERSION = YES;
				CLANG_WARN_INFINITE_RECURSION = YES;
				CLANG_WARN_INT_CONVERSION = YES;
				CLANG_WARN_NON_LITERAL_NULL_CONVERSION = YES;
				CLANG_WARN_OBJC_IMPLICIT_RETAIN_SELF = YES;
				CLANG_WARN_OBJC_LITERAL_CONVERSION = YES;
				CLANG_WARN_OBJC_ROOT_CLASS = YES_ERROR;
				CLANG_WARN_QUOTED_INCLUDE_IN_FRAMEWORK_HEADER = YES;
				CLANG_WARN_RANGE_LOOP_ANALYSIS = YES;
				CLANG_WARN_STRICT_PROTOTYPES = YES;
				CLANG_WARN_SUSPICIOUS_MOVE = YES;
				CLANG_WARN_UNGUARDED_AVAILABILITY = YES_AGGRESSIVE;
				CLANG_WARN_UNREACHABLE_CODE = YES;
				CLANG_WARN__DUPLICATE_METHOD_MATCH = YES;
				COPY_PHASE_STRIP = NO;
				DEBUG_INFORMATION_FORMAT = dwarf;
				ENABLE_STRICT_OBJC_MSGSEND = YES;
				ENABLE_TESTABILITY = YES;
				ENABLE_USER_SCRIPT_SANDBOXING = YES;
				GCC_C_LANGUAGE_STANDARD = gnu17;
				GCC_DYNAMIC_NO_PIC = NO;
				GCC_NO_COMMON_BLOCKS = YES;
				GCC_OPTIMIZATION_LEVEL = 0;
				GCC_PREPROCESSOR_DEFINITIONS = (
					"DEBUG=1",
					"$(inherited)",
				);
				GCC_WARN_64_TO_32_BIT_CONVERSION = YES;
				GCC_WARN_ABOUT_RETURN_TYPE = YES_ERROR;
				GCC_WARN_UNDECLARED_SELECTOR = YES;
				GCC_WARN_UNINITIALIZED_AUTOS = YES_AGGRESSIVE;
				GCC_WARN_UNUSED_FUNCTION = YES;
				GCC_WARN_UNUSED_VARIABLE = YES;
				IPHONEOS_DEPLOYMENT_TARGET = 17.5;
				LOCALIZATION_PREFERS_STRING_CATALOGS = YES;
				MTL_ENABLE_DEBUG_INFO = INCLUDE_SOURCE;
				MTL_FAST_MATH = YES;
				ONLY_ACTIVE_ARCH = YES;
				SDKROOT = iphoneos;
				SWIFT_ACTIVE_COMPILATION_CONDITIONS = "DEBUG $(inherited)";
				SWIFT_OPTIMIZATION_LEVEL = "-Onone";
			};
			name = Debug;
		};
		C0CB2A972C36C03600CD6A5C /* Release */ = {
			isa = XCBuildConfiguration;
			buildSettings = {
				ALWAYS_SEARCH_USER_PATHS = NO;
				ASSETCATALOG_COMPILER_GENERATE_SWIFT_ASSET_SYMBOL_EXTENSIONS = YES;
				CLANG_ANALYZER_NONNULL = YES;
				CLANG_ANALYZER_NUMBER_OBJECT_CONVERSION = YES_AGGRESSIVE;
				CLANG_CXX_LANGUAGE_STANDARD = "gnu++20";
				CLANG_ENABLE_MODULES = YES;
				CLANG_ENABLE_OBJC_ARC = YES;
				CLANG_ENABLE_OBJC_WEAK = YES;
				CLANG_WARN_BLOCK_CAPTURE_AUTORELEASING = YES;
				CLANG_WARN_BOOL_CONVERSION = YES;
				CLANG_WARN_COMMA = YES;
				CLANG_WARN_CONSTANT_CONVERSION = YES;
				CLANG_WARN_DEPRECATED_OBJC_IMPLEMENTATIONS = YES;
				CLANG_WARN_DIRECT_OBJC_ISA_USAGE = YES_ERROR;
				CLANG_WARN_DOCUMENTATION_COMMENTS = YES;
				CLANG_WARN_EMPTY_BODY = YES;
				CLANG_WARN_ENUM_CONVERSION = YES;
				CLANG_WARN_INFINITE_RECURSION = YES;
				CLANG_WARN_INT_CONVERSION = YES;
				CLANG_WARN_NON_LITERAL_NULL_CONVERSION = YES;
				CLANG_WARN_OBJC_IMPLICIT_RETAIN_SELF = YES;
				CLANG_WARN_OBJC_LITERAL_CONVERSION = YES;
				CLANG_WARN_OBJC_ROOT_CLASS = YES_ERROR;
				CLANG_WARN_QUOTED_INCLUDE_IN_FRAMEWORK_HEADER = YES;
				CLANG_WARN_RANGE_LOOP_ANALYSIS = YES;
				CLANG_WARN_STRICT_PROTOTYPES = YES;
				CLANG_WARN_SUSPICIOUS_MOVE = YES;
				CLANG_WARN_UNGUARDED_AVAILABILITY = YES_AGGRESSIVE;
				CLANG_WARN_UNREACHABLE_CODE = YES;
				CLANG_WARN__DUPLICATE_METHOD_MATCH = YES;
				COPY_PHASE_STRIP = NO;
				DEBUG_INFORMATION_FORMAT = "dwarf-with-dsym";
				ENABLE_NS_ASSERTIONS = NO;
				ENABLE_STRICT_OBJC_MSGSEND = YES;
				ENABLE_USER_SCRIPT_SANDBOXING = YES;
				GCC_C_LANGUAGE_STANDARD = gnu17;
				GCC_NO_COMMON_BLOCKS = YES;
				GCC_WARN_64_TO_32_BIT_CONVERSION = YES;
				GCC_WARN_ABOUT_RETURN_TYPE = YES_ERROR;
				GCC_WARN_UNDECLARED_SELECTOR = YES;
				GCC_WARN_UNINITIALIZED_AUTOS = YES_AGGRESSIVE;
				GCC_WARN_UNUSED_FUNCTION = YES;
				GCC_WARN_UNUSED_VARIABLE = YES;
				IPHONEOS_DEPLOYMENT_TARGET = 17.5;
				LOCALIZATION_PREFERS_STRING_CATALOGS = YES;
				MTL_ENABLE_DEBUG_INFO = NO;
				MTL_FAST_MATH = YES;
				SDKROOT = iphoneos;
				SWIFT_COMPILATION_MODE = wholemodule;
				VALIDATE_PRODUCT = YES;
			};
			name = Release;
		};
		C0CB2A992C36C03600CD6A5C /* Debug */ = {
			isa = XCBuildConfiguration;
			buildSettings = {
				ASSETCATALOG_COMPILER_APPICON_NAME = AppIcon;
				ASSETCATALOG_COMPILER_GLOBAL_ACCENT_COLOR_NAME = AccentColor;
				CODE_SIGN_STYLE = Automatic;
				CURRENT_PROJECT_VERSION = 1;
				DEVELOPMENT_ASSET_PATHS = "\"Weather App/Preview Content\"";
				DEVELOPMENT_TEAM = P74573WV6R;
				ENABLE_PREVIEWS = YES;
				GENERATE_INFOPLIST_FILE = YES;
				INFOPLIST_KEY_CFBundleDisplayName = Weather;
				INFOPLIST_KEY_UIApplicationSceneManifest_Generation = YES;
				INFOPLIST_KEY_UIApplicationSupportsIndirectInputEvents = YES;
				INFOPLIST_KEY_UILaunchScreen_Generation = YES;
				INFOPLIST_KEY_UISupportedInterfaceOrientations_iPad = "UIInterfaceOrientationPortrait UIInterfaceOrientationPortraitUpsideDown UIInterfaceOrientationLandscapeLeft UIInterfaceOrientationLandscapeRight";
				INFOPLIST_KEY_UISupportedInterfaceOrientations_iPhone = "UIInterfaceOrientationPortrait UIInterfaceOrientationLandscapeLeft UIInterfaceOrientationLandscapeRight";
				LD_RUNPATH_SEARCH_PATHS = (
					"$(inherited)",
					"@executable_path/Frameworks",
				);
				MARKETING_VERSION = 1.0;
				PRODUCT_BUNDLE_IDENTIFIER = "com.batuhanberkertekin.Weather-App";
				PRODUCT_NAME = "$(TARGET_NAME)";
				SWIFT_EMIT_LOC_STRINGS = YES;
				SWIFT_VERSION = 5.0;
				TARGETED_DEVICE_FAMILY = "1,2";
			};
			name = Debug;
		};
		C0CB2A9A2C36C03600CD6A5C /* Release */ = {
			isa = XCBuildConfiguration;
			buildSettings = {
				ASSETCATALOG_COMPILER_APPICON_NAME = AppIcon;
				ASSETCATALOG_COMPILER_GLOBAL_ACCENT_COLOR_NAME = AccentColor;
				CODE_SIGN_STYLE = Automatic;
				CURRENT_PROJECT_VERSION = 1;
				DEVELOPMENT_ASSET_PATHS = "\"Weather App/Preview Content\"";
				DEVELOPMENT_TEAM = P74573WV6R;
				ENABLE_PREVIEWS = YES;
				GENERATE_INFOPLIST_FILE = YES;
				INFOPLIST_KEY_CFBundleDisplayName = Weather;
				INFOPLIST_KEY_UIApplicationSceneManifest_Generation = YES;
				INFOPLIST_KEY_UIApplicationSupportsIndirectInputEvents = YES;
				INFOPLIST_KEY_UILaunchScreen_Generation = YES;
				INFOPLIST_KEY_UISupportedInterfaceOrientations_iPad = "UIInterfaceOrientationPortrait UIInterfaceOrientationPortraitUpsideDown UIInterfaceOrientationLandscapeLeft UIInterfaceOrientationLandscapeRight";
				INFOPLIST_KEY_UISupportedInterfaceOrientations_iPhone = "UIInterfaceOrientationPortrait UIInterfaceOrientationLandscapeLeft UIInterfaceOrientationLandscapeRight";
				LD_RUNPATH_SEARCH_PATHS = (
					"$(inherited)",
					"@executable_path/Frameworks",
				);
				MARKETING_VERSION = 1.0;
				PRODUCT_BUNDLE_IDENTIFIER = "com.batuhanberkertekin.Weather-App";
				PRODUCT_NAME = "$(TARGET_NAME)";
				SWIFT_EMIT_LOC_STRINGS = YES;
				SWIFT_VERSION = 5.0;
				TARGETED_DEVICE_FAMILY = "1,2";
			};
			name = Release;
		};
/* End XCBuildConfiguration section */

/* Begin XCConfigurationList section */
		C0CB2A852C36C03500CD6A5C /* Build configuration list for PBXProject "Weather App" */ = {
			isa = XCConfigurationList;
			buildConfigurations = (
				C0CB2A962C36C03600CD6A5C /* Debug */,
				C0CB2A972C36C03600CD6A5C /* Release */,
			);
			defaultConfigurationIsVisible = 0;
			defaultConfigurationName = Release;
		};
		C0CB2A982C36C03600CD6A5C /* Build configuration list for PBXNativeTarget "Weather App" */ = {
			isa = XCConfigurationList;
			buildConfigurations = (
				C0CB2A992C36C03600CD6A5C /* Debug */,
				C0CB2A9A2C36C03600CD6A5C /* Release */,
			);
			defaultConfigurationIsVisible = 0;
			defaultConfigurationName = Release;
		};
/* End XCConfigurationList section */

/* Begin XCRemoteSwiftPackageReference section */
		C0CB2AB02C36C18900CD6A5C /* XCRemoteSwiftPackageReference "Alamofire" */ = {
			isa = XCRemoteSwiftPackageReference;
			repositoryURL = "https://github.com/Alamofire/Alamofire.git";
			requirement = {
				kind = upToNextMajorVersion;
				minimumVersion = 5.9.1;
			};
		};
/* End XCRemoteSwiftPackageReference section */

/* Begin XCSwiftPackageProductDependency section */
		C0CB2AB12C36C18900CD6A5C /* Alamofire */ = {
			isa = XCSwiftPackageProductDependency;
			package = C0CB2AB02C36C18900CD6A5C /* XCRemoteSwiftPackageReference "Alamofire" */;
			productName = Alamofire;
		};
/* End XCSwiftPackageProductDependency section */
	};
	rootObject = C0CB2A822C36C03500CD6A5C /* Project object */;
}
